
Microsoft Visual Studio Solution File, Format Version 12.00
# Visual Studio 2012
Project("{FAE04EC0-301F-11D3-BF4B-00C04F79EFBC}") = "WorklabsMx.iOS", "WorklabsMx.iOS.csproj", "{C5951AFB-48F0-408F-A6A9-6DED2E5C7202}"
EndProject
Global
	GlobalSection(SolutionConfigurationPlatforms) = preSolution
		Debug|iPhoneSimulator = Debug|iPhoneSimulator
		Release|iPhone = Release|iPhone
		Release|iPhoneSimulator = Release|iPhoneSimulator
		Debug|iPhone = Debug|iPhone
	EndGlobalSection
	GlobalSection(ProjectConfigurationPlatforms) = postSolution
		{C5951AFB-48F0-408F-A6A9-6DED2E5C7202}.Debug|iPhoneSimulator.ActiveCfg = Debug|iPhoneSimulator
		{C5951AFB-48F0-408F-A6A9-6DED2E5C7202}.Debug|iPhoneSimulator.Build.0 = Debug|iPhoneSimulator
		{C5951AFB-48F0-408F-A6A9-6DED2E5C7202}.Release|iPhone.ActiveCfg = Release|iPhone
		{C5951AFB-48F0-408F-A6A9-6DED2E5C7202}.Release|iPhone.Build.0 = Release|iPhone
		{C5951AFB-48F0-408F-A6A9-6DED2E5C7202}.Release|iPhoneSimulator.ActiveCfg = Release|iPhoneSimulator
		{C5951AFB-48F0-408F-A6A9-6DED2E5C7202}.Release|iPhoneSimulator.Build.0 = Release|iPhoneSimulator
		{C5951AFB-48F0-408F-A6A9-6DED2E5C7202}.Debug|iPhone.ActiveCfg = Debug|iPhone
		{C5951AFB-48F0-408F-A6A9-6DED2E5C7202}.Debug|iPhone.Build.0 = Debug|iPhone
	EndGlobalSection
EndGlobal
